// !$*UTF8*$!
{
	archiveVersion = 1;
	classes = {
	};
	objectVersion = 56;
	objects = {

/* Begin PBXBuildFile section */
		541807BD29EF2ECE006F421B /* CharacterDetail -ViewModel.swift in Sources */ = {isa = PBXBuildFile; fileRef = 541807BC29EF2ECE006F421B /* CharacterDetail -ViewModel.swift */; };
		5468722229EC1DB7007BCAC3 /* RickAndMortyApp.swift in Sources */ = {isa = PBXBuildFile; fileRef = 5468722129EC1DB7007BCAC3 /* RickAndMortyApp.swift */; };
		5468722429EC1DB7007BCAC3 /* MainView.swift in Sources */ = {isa = PBXBuildFile; fileRef = 5468722329EC1DB7007BCAC3 /* MainView.swift */; };
		5468722629EC1DB8007BCAC3 /* Assets.xcassets in Resources */ = {isa = PBXBuildFile; fileRef = 5468722529EC1DB8007BCAC3 /* Assets.xcassets */; };
		5468722929EC1DB8007BCAC3 /* Preview Assets.xcassets in Resources */ = {isa = PBXBuildFile; fileRef = 5468722829EC1DB8007BCAC3 /* Preview Assets.xcassets */; };
		5468723329EC365C007BCAC3 /* MainView -ViewModel.swift in Sources */ = {isa = PBXBuildFile; fileRef = 5468723229EC365C007BCAC3 /* MainView -ViewModel.swift */; };
		5468723729EC3738007BCAC3 /* RMService.swift in Sources */ = {isa = PBXBuildFile; fileRef = 5468723629EC3738007BCAC3 /* RMService.swift */; };
		5468723929EC374B007BCAC3 /* RMRequest.swift in Sources */ = {isa = PBXBuildFile; fileRef = 5468723829EC374B007BCAC3 /* RMRequest.swift */; };
		5468723B29EC3810007BCAC3 /* RMEndpoint.swift in Sources */ = {isa = PBXBuildFile; fileRef = 5468723A29EC3810007BCAC3 /* RMEndpoint.swift */; };
		5468723D29EC3940007BCAC3 /* RMLocation.swift in Sources */ = {isa = PBXBuildFile; fileRef = 5468723C29EC3940007BCAC3 /* RMLocation.swift */; };
		5468723F29EC394A007BCAC3 /* RMCharacter.swift in Sources */ = {isa = PBXBuildFile; fileRef = 5468723E29EC394A007BCAC3 /* RMCharacter.swift */; };
		5468724129EC3A33007BCAC3 /* RMOrigin.swift in Sources */ = {isa = PBXBuildFile; fileRef = 5468724029EC3A33007BCAC3 /* RMOrigin.swift */; };
		5468724329EC3AA1007BCAC3 /* RMSingleLocation.swift in Sources */ = {isa = PBXBuildFile; fileRef = 5468724229EC3AA1007BCAC3 /* RMSingleLocation.swift */; };
		5468724929EC61AA007BCAC3 /* RMGetAllCharacterResponse.swift in Sources */ = {isa = PBXBuildFile; fileRef = 5468724829EC61AA007BCAC3 /* RMGetAllCharacterResponse.swift */; };
		5468724B29EC87EC007BCAC3 /* LaunchScreenView.swift in Sources */ = {isa = PBXBuildFile; fileRef = 5468724A29EC87EC007BCAC3 /* LaunchScreenView.swift */; };
		5468724D29EC8B0F007BCAC3 /* LaunchScreen -ViewModel.swift in Sources */ = {isa = PBXBuildFile; fileRef = 5468724C29EC8B0F007BCAC3 /* LaunchScreen -ViewModel.swift */; };
		5468724F29EC9797007BCAC3 /* CharacterListView.swift in Sources */ = {isa = PBXBuildFile; fileRef = 5468724E29EC9797007BCAC3 /* CharacterListView.swift */; };
		5468725129ECB6AD007BCAC3 /* RMGetAllLocationResponse.swift in Sources */ = {isa = PBXBuildFile; fileRef = 5468725029ECB6AD007BCAC3 /* RMGetAllLocationResponse.swift */; };
		5468725329ECB9F1007BCAC3 /* LocationScrollView.swift in Sources */ = {isa = PBXBuildFile; fileRef = 5468725229ECB9F1007BCAC3 /* LocationScrollView.swift */; };
		54A4332E29EF58A000D0ADDE /* DetailTextView.swift in Sources */ = {isa = PBXBuildFile; fileRef = 54A4332D29EF58A000D0ADDE /* DetailTextView.swift */; };
		54A4333029EF5C6400D0ADDE /* Stirng +Ext.swift in Sources */ = {isa = PBXBuildFile; fileRef = 54A4332F29EF5C6400D0ADDE /* Stirng +Ext.swift */; };
		54BCCDDD29EF2C9500D7A9BF /* CharacterDetailView.swift in Sources */ = {isa = PBXBuildFile; fileRef = 54BCCDDC29EF2C9500D7A9BF /* CharacterDetailView.swift */; };
		54D9FCCC29ED8039005A66D9 /* RMGetSingleCharacterResponse.swift in Sources */ = {isa = PBXBuildFile; fileRef = 54D9FCCB29ED8039005A66D9 /* RMGetSingleCharacterResponse.swift */; };
		54D9FCCE29EDC896005A66D9 /* UIScreen +Ext.swift in Sources */ = {isa = PBXBuildFile; fileRef = 54D9FCCD29EDC896005A66D9 /* UIScreen +Ext.swift */; };
		54D9FCD029EF0DE4005A66D9 /* CharacterListContainerView.swift in Sources */ = {isa = PBXBuildFile; fileRef = 54D9FCCF29EF0DE4005A66D9 /* CharacterListContainerView.swift */; };
		54EA4DE529F0A73F00FDB719 /* Color +Ext.swift in Sources */ = {isa = PBXBuildFile; fileRef = 54EA4DE429F0A73F00FDB719 /* Color +Ext.swift */; };
/* End PBXBuildFile section */

/* Begin PBXFileReference section */
		541807BC29EF2ECE006F421B /* CharacterDetail -ViewModel.swift */ = {isa = PBXFileReference; lastKnownFileType = sourcecode.swift; path = "CharacterDetail -ViewModel.swift"; sourceTree = "<group>"; };
		5468721E29EC1DB7007BCAC3 /* RickAndMorty.app */ = {isa = PBXFileReference; explicitFileType = wrapper.application; includeInIndex = 0; path = RickAndMorty.app; sourceTree = BUILT_PRODUCTS_DIR; };
		5468722129EC1DB7007BCAC3 /* RickAndMortyApp.swift */ = {isa = PBXFileReference; lastKnownFileType = sourcecode.swift; path = RickAndMortyApp.swift; sourceTree = "<group>"; };
		5468722329EC1DB7007BCAC3 /* MainView.swift */ = {isa = PBXFileReference; lastKnownFileType = sourcecode.swift; path = MainView.swift; sourceTree = "<group>"; };
		5468722529EC1DB8007BCAC3 /* Assets.xcassets */ = {isa = PBXFileReference; lastKnownFileType = folder.assetcatalog; path = Assets.xcassets; sourceTree = "<group>"; };
		5468722829EC1DB8007BCAC3 /* Preview Assets.xcassets */ = {isa = PBXFileReference; lastKnownFileType = folder.assetcatalog; path = "Preview Assets.xcassets"; sourceTree = "<group>"; };
		5468723229EC365C007BCAC3 /* MainView -ViewModel.swift */ = {isa = PBXFileReference; lastKnownFileType = sourcecode.swift; path = "MainView -ViewModel.swift"; sourceTree = "<group>"; };
		5468723629EC3738007BCAC3 /* RMService.swift */ = {isa = PBXFileReference; lastKnownFileType = sourcecode.swift; path = RMService.swift; sourceTree = "<group>"; };
		5468723829EC374B007BCAC3 /* RMRequest.swift */ = {isa = PBXFileReference; lastKnownFileType = sourcecode.swift; path = RMRequest.swift; sourceTree = "<group>"; };
		5468723A29EC3810007BCAC3 /* RMEndpoint.swift */ = {isa = PBXFileReference; lastKnownFileType = sourcecode.swift; path = RMEndpoint.swift; sourceTree = "<group>"; };
		5468723C29EC3940007BCAC3 /* RMLocation.swift */ = {isa = PBXFileReference; lastKnownFileType = sourcecode.swift; path = RMLocation.swift; sourceTree = "<group>"; };
		5468723E29EC394A007BCAC3 /* RMCharacter.swift */ = {isa = PBXFileReference; lastKnownFileType = sourcecode.swift; path = RMCharacter.swift; sourceTree = "<group>"; };
		5468724029EC3A33007BCAC3 /* RMOrigin.swift */ = {isa = PBXFileReference; lastKnownFileType = sourcecode.swift; path = RMOrigin.swift; sourceTree = "<group>"; };
		5468724229EC3AA1007BCAC3 /* RMSingleLocation.swift */ = {isa = PBXFileReference; lastKnownFileType = sourcecode.swift; path = RMSingleLocation.swift; sourceTree = "<group>"; };
		5468724829EC61AA007BCAC3 /* RMGetAllCharacterResponse.swift */ = {isa = PBXFileReference; lastKnownFileType = sourcecode.swift; path = RMGetAllCharacterResponse.swift; sourceTree = "<group>"; };
		5468724A29EC87EC007BCAC3 /* LaunchScreenView.swift */ = {isa = PBXFileReference; lastKnownFileType = sourcecode.swift; path = LaunchScreenView.swift; sourceTree = "<group>"; };
		5468724C29EC8B0F007BCAC3 /* LaunchScreen -ViewModel.swift */ = {isa = PBXFileReference; lastKnownFileType = sourcecode.swift; path = "LaunchScreen -ViewModel.swift"; sourceTree = "<group>"; };
		5468724E29EC9797007BCAC3 /* CharacterListView.swift */ = {isa = PBXFileReference; lastKnownFileType = sourcecode.swift; path = CharacterListView.swift; sourceTree = "<group>"; };
		5468725029ECB6AD007BCAC3 /* RMGetAllLocationResponse.swift */ = {isa = PBXFileReference; lastKnownFileType = sourcecode.swift; path = RMGetAllLocationResponse.swift; sourceTree = "<group>"; };
		5468725229ECB9F1007BCAC3 /* LocationScrollView.swift */ = {isa = PBXFileReference; lastKnownFileType = sourcecode.swift; path = LocationScrollView.swift; sourceTree = "<group>"; };
		54A4332D29EF58A000D0ADDE /* DetailTextView.swift */ = {isa = PBXFileReference; lastKnownFileType = sourcecode.swift; path = DetailTextView.swift; sourceTree = "<group>"; };
		54A4332F29EF5C6400D0ADDE /* Stirng +Ext.swift */ = {isa = PBXFileReference; lastKnownFileType = sourcecode.swift; path = "Stirng +Ext.swift"; sourceTree = "<group>"; };
		54BCCDDC29EF2C9500D7A9BF /* CharacterDetailView.swift */ = {isa = PBXFileReference; lastKnownFileType = sourcecode.swift; path = CharacterDetailView.swift; sourceTree = "<group>"; };
		54D9FCCB29ED8039005A66D9 /* RMGetSingleCharacterResponse.swift */ = {isa = PBXFileReference; lastKnownFileType = sourcecode.swift; path = RMGetSingleCharacterResponse.swift; sourceTree = "<group>"; };
		54D9FCCD29EDC896005A66D9 /* UIScreen +Ext.swift */ = {isa = PBXFileReference; lastKnownFileType = sourcecode.swift; path = "UIScreen +Ext.swift"; sourceTree = "<group>"; };
		54D9FCCF29EF0DE4005A66D9 /* CharacterListContainerView.swift */ = {isa = PBXFileReference; lastKnownFileType = sourcecode.swift; path = CharacterListContainerView.swift; sourceTree = "<group>"; };
		54EA4DE429F0A73F00FDB719 /* Color +Ext.swift */ = {isa = PBXFileReference; lastKnownFileType = sourcecode.swift; path = "Color +Ext.swift"; sourceTree = "<group>"; };
/* End PBXFileReference section */

/* Begin PBXFrameworksBuildPhase section */
		5468721B29EC1DB7007BCAC3 /* Frameworks */ = {
			isa = PBXFrameworksBuildPhase;
			buildActionMask = 2147483647;
			files = (
			);
			runOnlyForDeploymentPostprocessing = 0;
		};
/* End PBXFrameworksBuildPhase section */

/* Begin PBXGroup section */
		5468721529EC1DB6007BCAC3 = {
			isa = PBXGroup;
			children = (
				5468722029EC1DB7007BCAC3 /* RickAndMorty */,
				5468721F29EC1DB7007BCAC3 /* Products */,
			);
			sourceTree = "<group>";
		};
		5468721F29EC1DB7007BCAC3 /* Products */ = {
			isa = PBXGroup;
			children = (
				5468721E29EC1DB7007BCAC3 /* RickAndMorty.app */,
			);
			name = Products;
			sourceTree = "<group>";
		};
		5468722029EC1DB7007BCAC3 /* RickAndMorty */ = {
			isa = PBXGroup;
			children = (
				5468722129EC1DB7007BCAC3 /* RickAndMortyApp.swift */,
				5468723529EC3722007BCAC3 /* APIClient */,
				5468723429EC3662007BCAC3 /* Extensions */,
				5468723129EC3643007BCAC3 /* Model */,
				5468723029EC363D007BCAC3 /* View */,
				5468722F29EC3635007BCAC3 /* ViewModel */,
				5468722529EC1DB8007BCAC3 /* Assets.xcassets */,
				5468722729EC1DB8007BCAC3 /* Preview Content */,
			);
			path = RickAndMorty;
			sourceTree = "<group>";
		};
		5468722729EC1DB8007BCAC3 /* Preview Content */ = {
			isa = PBXGroup;
			children = (
				5468722829EC1DB8007BCAC3 /* Preview Assets.xcassets */,
			);
			path = "Preview Content";
			sourceTree = "<group>";
		};
		5468722F29EC3635007BCAC3 /* ViewModel */ = {
			isa = PBXGroup;
			children = (
				5468723229EC365C007BCAC3 /* MainView -ViewModel.swift */,
				5468724C29EC8B0F007BCAC3 /* LaunchScreen -ViewModel.swift */,
				541807BC29EF2ECE006F421B /* CharacterDetail -ViewModel.swift */,
			);
			path = ViewModel;
			sourceTree = "<group>";
		};
		5468723029EC363D007BCAC3 /* View */ = {
			isa = PBXGroup;
			children = (
				5468722329EC1DB7007BCAC3 /* MainView.swift */,
				5468724A29EC87EC007BCAC3 /* LaunchScreenView.swift */,
				5468724E29EC9797007BCAC3 /* CharacterListView.swift */,
				5468725229ECB9F1007BCAC3 /* LocationScrollView.swift */,
				54D9FCCF29EF0DE4005A66D9 /* CharacterListContainerView.swift */,
				54BCCDDC29EF2C9500D7A9BF /* CharacterDetailView.swift */,
				54A4332D29EF58A000D0ADDE /* DetailTextView.swift */,
			);
			path = View;
			sourceTree = "<group>";
		};
		5468723129EC3643007BCAC3 /* Model */ = {
			isa = PBXGroup;
			children = (
				5468724729EC618A007BCAC3 /* APIResponseTypes */,
				5468724629EC6158007BCAC3 /* DataTypes */,
			);
			path = Model;
			sourceTree = "<group>";
		};
		5468723429EC3662007BCAC3 /* Extensions */ = {
			isa = PBXGroup;
			children = (
				54D9FCCD29EDC896005A66D9 /* UIScreen +Ext.swift */,
				54A4332F29EF5C6400D0ADDE /* Stirng +Ext.swift */,
				54EA4DE429F0A73F00FDB719 /* Color +Ext.swift */,
			);
			path = Extensions;
			sourceTree = "<group>";
		};
		5468723529EC3722007BCAC3 /* APIClient */ = {
			isa = PBXGroup;
			children = (
				5468723629EC3738007BCAC3 /* RMService.swift */,
				5468723829EC374B007BCAC3 /* RMRequest.swift */,
				5468723A29EC3810007BCAC3 /* RMEndpoint.swift */,
			);
			path = APIClient;
			sourceTree = "<group>";
		};
		5468724629EC6158007BCAC3 /* DataTypes */ = {
			isa = PBXGroup;
			children = (
				5468723C29EC3940007BCAC3 /* RMLocation.swift */,
				5468723E29EC394A007BCAC3 /* RMCharacter.swift */,
				5468724029EC3A33007BCAC3 /* RMOrigin.swift */,
				5468724229EC3AA1007BCAC3 /* RMSingleLocation.swift */,
			);
			path = DataTypes;
			sourceTree = "<group>";
		};
		5468724729EC618A007BCAC3 /* APIResponseTypes */ = {
			isa = PBXGroup;
			children = (
				5468724829EC61AA007BCAC3 /* RMGetAllCharacterResponse.swift */,
				5468725029ECB6AD007BCAC3 /* RMGetAllLocationResponse.swift */,
				54D9FCCB29ED8039005A66D9 /* RMGetSingleCharacterResponse.swift */,
			);
			path = APIResponseTypes;
			sourceTree = "<group>";
		};
/* End PBXGroup section */

/* Begin PBXNativeTarget section */
		5468721D29EC1DB7007BCAC3 /* RickAndMorty */ = {
			isa = PBXNativeTarget;
			buildConfigurationList = 5468722C29EC1DB8007BCAC3 /* Build configuration list for PBXNativeTarget "RickAndMorty" */;
			buildPhases = (
				5468721A29EC1DB7007BCAC3 /* Sources */,
				5468721B29EC1DB7007BCAC3 /* Frameworks */,
				5468721C29EC1DB7007BCAC3 /* Resources */,
			);
			buildRules = (
			);
			dependencies = (
			);
			name = RickAndMorty;
			productName = RickAndMorty;
			productReference = 5468721E29EC1DB7007BCAC3 /* RickAndMorty.app */;
			productType = "com.apple.product-type.application";
		};
/* End PBXNativeTarget section */

/* Begin PBXProject section */
		5468721629EC1DB6007BCAC3 /* Project object */ = {
			isa = PBXProject;
			attributes = {
				BuildIndependentTargetsInParallel = 1;
				LastSwiftUpdateCheck = 1430;
				LastUpgradeCheck = 1430;
				TargetAttributes = {
					5468721D29EC1DB7007BCAC3 = {
						CreatedOnToolsVersion = 14.3;
					};
				};
			};
			buildConfigurationList = 5468721929EC1DB6007BCAC3 /* Build configuration list for PBXProject "RickAndMorty" */;
			compatibilityVersion = "Xcode 14.0";
			developmentRegion = en;
			hasScannedForEncodings = 0;
			knownRegions = (
				en,
				Base,
			);
			mainGroup = 5468721529EC1DB6007BCAC3;
			productRefGroup = 5468721F29EC1DB7007BCAC3 /* Products */;
			projectDirPath = "";
			projectRoot = "";
			targets = (
				5468721D29EC1DB7007BCAC3 /* RickAndMorty */,
			);
		};
/* End PBXProject section */

/* Begin PBXResourcesBuildPhase section */
		5468721C29EC1DB7007BCAC3 /* Resources */ = {
			isa = PBXResourcesBuildPhase;
			buildActionMask = 2147483647;
			files = (
				5468722929EC1DB8007BCAC3 /* Preview Assets.xcassets in Resources */,
				5468722629EC1DB8007BCAC3 /* Assets.xcassets in Resources */,
			);
			runOnlyForDeploymentPostprocessing = 0;
		};
/* End PBXResourcesBuildPhase section */

/* Begin PBXSourcesBuildPhase section */
		5468721A29EC1DB7007BCAC3 /* Sources */ = {
			isa = PBXSourcesBuildPhase;
			buildActionMask = 2147483647;
			files = (
				541807BD29EF2ECE006F421B /* CharacterDetail -ViewModel.swift in Sources */,
				5468723F29EC394A007BCAC3 /* RMCharacter.swift in Sources */,
				5468724329EC3AA1007BCAC3 /* RMSingleLocation.swift in Sources */,
				5468724F29EC9797007BCAC3 /* CharacterListView.swift in Sources */,
				5468722429EC1DB7007BCAC3 /* MainView.swift in Sources */,
				5468722229EC1DB7007BCAC3 /* RickAndMortyApp.swift in Sources */,
				54EA4DE529F0A73F00FDB719 /* Color +Ext.swift in Sources */,
				5468723929EC374B007BCAC3 /* RMRequest.swift in Sources */,
				54D9FCD029EF0DE4005A66D9 /* CharacterListContainerView.swift in Sources */,
				54D9FCCE29EDC896005A66D9 /* UIScreen +Ext.swift in Sources */,
				5468725329ECB9F1007BCAC3 /* LocationScrollView.swift in Sources */,
				5468724929EC61AA007BCAC3 /* RMGetAllCharacterResponse.swift in Sources */,
				5468723D29EC3940007BCAC3 /* RMLocation.swift in Sources */,
				5468723B29EC3810007BCAC3 /* RMEndpoint.swift in Sources */,
				5468724D29EC8B0F007BCAC3 /* LaunchScreen -ViewModel.swift in Sources */,
				5468723729EC3738007BCAC3 /* RMService.swift in Sources */,
				5468724129EC3A33007BCAC3 /* RMOrigin.swift in Sources */,
				54A4332E29EF58A000D0ADDE /* DetailTextView.swift in Sources */,
				54BCCDDD29EF2C9500D7A9BF /* CharacterDetailView.swift in Sources */,
				5468725129ECB6AD007BCAC3 /* RMGetAllLocationResponse.swift in Sources */,
				54A4333029EF5C6400D0ADDE /* Stirng +Ext.swift in Sources */,
				54D9FCCC29ED8039005A66D9 /* RMGetSingleCharacterResponse.swift in Sources */,
				5468723329EC365C007BCAC3 /* MainView -ViewModel.swift in Sources */,
				5468724B29EC87EC007BCAC3 /* LaunchScreenView.swift in Sources */,
			);
			runOnlyForDeploymentPostprocessing = 0;
		};
/* End PBXSourcesBuildPhase section */

/* Begin XCBuildConfiguration section */
		5468722A29EC1DB8007BCAC3 /* Debug */ = {
			isa = XCBuildConfiguration;
			buildSettings = {
				ALWAYS_SEARCH_USER_PATHS = NO;
				CLANG_ANALYZER_NONNULL = YES;
				CLANG_ANALYZER_NUMBER_OBJECT_CONVERSION = YES_AGGRESSIVE;
				CLANG_CXX_LANGUAGE_STANDARD = "gnu++20";
				CLANG_ENABLE_MODULES = YES;
				CLANG_ENABLE_OBJC_ARC = YES;
				CLANG_ENABLE_OBJC_WEAK = YES;
				CLANG_WARN_BLOCK_CAPTURE_AUTORELEASING = YES;
				CLANG_WARN_BOOL_CONVERSION = YES;
				CLANG_WARN_COMMA = YES;
				CLANG_WARN_CONSTANT_CONVERSION = YES;
				CLANG_WARN_DEPRECATED_OBJC_IMPLEMENTATIONS = YES;
				CLANG_WARN_DIRECT_OBJC_ISA_USAGE = YES_ERROR;
				CLANG_WARN_DOCUMENTATION_COMMENTS = YES;
				CLANG_WARN_EMPTY_BODY = YES;
				CLANG_WARN_ENUM_CONVERSION = YES;
				CLANG_WARN_INFINITE_RECURSION = YES;
				CLANG_WARN_INT_CONVERSION = YES;
				CLANG_WARN_NON_LITERAL_NULL_CONVERSION = YES;
				CLANG_WARN_OBJC_IMPLICIT_RETAIN_SELF = YES;
				CLANG_WARN_OBJC_LITERAL_CONVERSION = YES;
				CLANG_WARN_OBJC_ROOT_CLASS = YES_ERROR;
				CLANG_WARN_QUOTED_INCLUDE_IN_FRAMEWORK_HEADER = YES;
				CLANG_WARN_RANGE_LOOP_ANALYSIS = YES;
				CLANG_WARN_STRICT_PROTOTYPES = YES;
				CLANG_WARN_SUSPICIOUS_MOVE = YES;
				CLANG_WARN_UNGUARDED_AVAILABILITY = YES_AGGRESSIVE;
				CLANG_WARN_UNREACHABLE_CODE = YES;
				CLANG_WARN__DUPLICATE_METHOD_MATCH = YES;
				COPY_PHASE_STRIP = NO;
				DEBUG_INFORMATION_FORMAT = dwarf;
				ENABLE_STRICT_OBJC_MSGSEND = YES;
				ENABLE_TESTABILITY = YES;
				GCC_C_LANGUAGE_STANDARD = gnu11;
				GCC_DYNAMIC_NO_PIC = NO;
				GCC_NO_COMMON_BLOCKS = YES;
				GCC_OPTIMIZATION_LEVEL = 0;
				GCC_PREPROCESSOR_DEFINITIONS = (
					"DEBUG=1",
					"$(inherited)",
				);
				GCC_WARN_64_TO_32_BIT_CONVERSION = YES;
				GCC_WARN_ABOUT_RETURN_TYPE = YES_ERROR;
				GCC_WARN_UNDECLARED_SELECTOR = YES;
				GCC_WARN_UNINITIALIZED_AUTOS = YES_AGGRESSIVE;
				GCC_WARN_UNUSED_FUNCTION = YES;
				GCC_WARN_UNUSED_VARIABLE = YES;
				IPHONEOS_DEPLOYMENT_TARGET = 16.4;
				MTL_ENABLE_DEBUG_INFO = INCLUDE_SOURCE;
				MTL_FAST_MATH = YES;
				ONLY_ACTIVE_ARCH = YES;
				SDKROOT = iphoneos;
				SWIFT_ACTIVE_COMPILATION_CONDITIONS = DEBUG;
				SWIFT_OPTIMIZATION_LEVEL = "-Onone";
			};
			name = Debug;
		};
		5468722B29EC1DB8007BCAC3 /* Release */ = {
			isa = XCBuildConfiguration;
			buildSettings = {
				ALWAYS_SEARCH_USER_PATHS = NO;
				CLANG_ANALYZER_NONNULL = YES;
				CLANG_ANALYZER_NUMBER_OBJECT_CONVERSION = YES_AGGRESSIVE;
				CLANG_CXX_LANGUAGE_STANDARD = "gnu++20";
				CLANG_ENABLE_MODULES = YES;
				CLANG_ENABLE_OBJC_ARC = YES;
				CLANG_ENABLE_OBJC_WEAK = YES;
				CLANG_WARN_BLOCK_CAPTURE_AUTORELEASING = YES;
				CLANG_WARN_BOOL_CONVERSION = YES;
				CLANG_WARN_COMMA = YES;
				CLANG_WARN_CONSTANT_CONVERSION = YES;
				CLANG_WARN_DEPRECATED_OBJC_IMPLEMENTATIONS = YES;
				CLANG_WARN_DIRECT_OBJC_ISA_USAGE = YES_ERROR;
				CLANG_WARN_DOCUMENTATION_COMMENTS = YES;
				CLANG_WARN_EMPTY_BODY = YES;
				CLANG_WARN_ENUM_CONVERSION = YES;
				CLANG_WARN_INFINITE_RECURSION = YES;
				CLANG_WARN_INT_CONVERSION = YES;
				CLANG_WARN_NON_LITERAL_NULL_CONVERSION = YES;
				CLANG_WARN_OBJC_IMPLICIT_RETAIN_SELF = YES;
				CLANG_WARN_OBJC_LITERAL_CONVERSION = YES;
				CLANG_WARN_OBJC_ROOT_CLASS = YES_ERROR;
				CLANG_WARN_QUOTED_INCLUDE_IN_FRAMEWORK_HEADER = YES;
				CLANG_WARN_RANGE_LOOP_ANALYSIS = YES;
				CLANG_WARN_STRICT_PROTOTYPES = YES;
				CLANG_WARN_SUSPICIOUS_MOVE = YES;
				CLANG_WARN_UNGUARDED_AVAILABILITY = YES_AGGRESSIVE;
				CLANG_WARN_UNREACHABLE_CODE = YES;
				CLANG_WARN__DUPLICATE_METHOD_MATCH = YES;
				COPY_PHASE_STRIP = NO;
				DEBUG_INFORMATION_FORMAT = "dwarf-with-dsym";
				ENABLE_NS_ASSERTIONS = NO;
				ENABLE_STRICT_OBJC_MSGSEND = YES;
				GCC_C_LANGUAGE_STANDARD = gnu11;
				GCC_NO_COMMON_BLOCKS = YES;
				GCC_WARN_64_TO_32_BIT_CONVERSION = YES;
				GCC_WARN_ABOUT_RETURN_TYPE = YES_ERROR;
				GCC_WARN_UNDECLARED_SELECTOR = YES;
				GCC_WARN_UNINITIALIZED_AUTOS = YES_AGGRESSIVE;
				GCC_WARN_UNUSED_FUNCTION = YES;
				GCC_WARN_UNUSED_VARIABLE = YES;
				IPHONEOS_DEPLOYMENT_TARGET = 16.4;
				MTL_ENABLE_DEBUG_INFO = NO;
				MTL_FAST_MATH = YES;
				SDKROOT = iphoneos;
				SWIFT_COMPILATION_MODE = wholemodule;
				SWIFT_OPTIMIZATION_LEVEL = "-O";
				VALIDATE_PRODUCT = YES;
			};
			name = Release;
		};
		5468722D29EC1DB8007BCAC3 /* Debug */ = {
			isa = XCBuildConfiguration;
			buildSettings = {
				ASSETCATALOG_COMPILER_APPICON_NAME = AppIcon;
				ASSETCATALOG_COMPILER_GLOBAL_ACCENT_COLOR_NAME = AccentColor;
				CODE_SIGN_STYLE = Automatic;
				CURRENT_PROJECT_VERSION = 1;
				DEVELOPMENT_ASSET_PATHS = "\"RickAndMorty/Preview Content\"";
				DEVELOPMENT_TEAM = NJ3YBT6N93;
				ENABLE_PREVIEWS = YES;
				GENERATE_INFOPLIST_FILE = YES;
				INFOPLIST_KEY_UIApplicationSceneManifest_Generation = YES;
				INFOPLIST_KEY_UIApplicationSupportsIndirectInputEvents = YES;
				INFOPLIST_KEY_UILaunchScreen_Generation = YES;
				INFOPLIST_KEY_UISupportedInterfaceOrientations_iPad = "UIInterfaceOrientationPortrait UIInterfaceOrientationPortraitUpsideDown UIInterfaceOrientationLandscapeLeft UIInterfaceOrientationLandscapeRight";
				INFOPLIST_KEY_UISupportedInterfaceOrientations_iPhone = "UIInterfaceOrientationPortrait UIInterfaceOrientationLandscapeLeft UIInterfaceOrientationLandscapeRight";
				IPHONEOS_DEPLOYMENT_TARGET = 16.0;
				LD_RUNPATH_SEARCH_PATHS = (
					"$(inherited)",
					"@executable_path/Frameworks",
				);
				MARKETING_VERSION = 1.0;
				PRODUCT_BUNDLE_IDENTIFIER = com.mertcankirci.RickAndMorty;
				PRODUCT_NAME = "$(TARGET_NAME)";
				SWIFT_EMIT_LOC_STRINGS = YES;
				SWIFT_VERSION = 5.0;
				TARGETED_DEVICE_FAMILY = "1,2";
			};
			name = Debug;
		};
		5468722E29EC1DB8007BCAC3 /* Release */ = {
			isa = XCBuildConfiguration;
			buildSettings = {
				ASSETCATALOG_COMPILER_APPICON_NAME = AppIcon;
				ASSETCATALOG_COMPILER_GLOBAL_ACCENT_COLOR_NAME = AccentColor;
				CODE_SIGN_STYLE = Automatic;
				CURRENT_PROJECT_VERSION = 1;
				DEVELOPMENT_ASSET_PATHS = "\"RickAndMorty/Preview Content\"";
				DEVELOPMENT_TEAM = NJ3YBT6N93;
				ENABLE_PREVIEWS = YES;
				GENERATE_INFOPLIST_FILE = YES;
				INFOPLIST_KEY_UIApplicationSceneManifest_Generation = YES;
				INFOPLIST_KEY_UIApplicationSupportsIndirectInputEvents = YES;
				INFOPLIST_KEY_UILaunchScreen_Generation = YES;
				INFOPLIST_KEY_UISupportedInterfaceOrientations_iPad = "UIInterfaceOrientationPortrait UIInterfaceOrientationPortraitUpsideDown UIInterfaceOrientationLandscapeLeft UIInterfaceOrientationLandscapeRight";
				INFOPLIST_KEY_UISupportedInterfaceOrientations_iPhone = "UIInterfaceOrientationPortrait UIInterfaceOrientationLandscapeLeft UIInterfaceOrientationLandscapeRight";
				IPHONEOS_DEPLOYMENT_TARGET = 16.0;
				LD_RUNPATH_SEARCH_PATHS = (
					"$(inherited)",
					"@executable_path/Frameworks",
				);
				MARKETING_VERSION = 1.0;
				PRODUCT_BUNDLE_IDENTIFIER = com.mertcankirci.RickAndMorty;
				PRODUCT_NAME = "$(TARGET_NAME)";
				SWIFT_EMIT_LOC_STRINGS = YES;
				SWIFT_VERSION = 5.0;
				TARGETED_DEVICE_FAMILY = "1,2";
			};
			name = Release;
		};
/* End XCBuildConfiguration section */

/* Begin XCConfigurationList section */
		5468721929EC1DB6007BCAC3 /* Build configuration list for PBXProject "RickAndMorty" */ = {
			isa = XCConfigurationList;
			buildConfigurations = (
				5468722A29EC1DB8007BCAC3 /* Debug */,
				5468722B29EC1DB8007BCAC3 /* Release */,
			);
			defaultConfigurationIsVisible = 0;
			defaultConfigurationName = Release;
		};
		5468722C29EC1DB8007BCAC3 /* Build configuration list for PBXNativeTarget "RickAndMorty" */ = {
			isa = XCConfigurationList;
			buildConfigurations = (
				5468722D29EC1DB8007BCAC3 /* Debug */,
				5468722E29EC1DB8007BCAC3 /* Release */,
			);
			defaultConfigurationIsVisible = 0;
			defaultConfigurationName = Release;
		};
/* End XCConfigurationList section */
	};
	rootObject = 5468721629EC1DB6007BCAC3 /* Project object */;
}
